
Microsoft Visual Studio Solution File, Format Version 12.00
# Visual Studio Version 17
VisualStudioVersion = 17.11.35222.181
MinimumVisualStudioVersion = 10.0.40219.1
Project("{2150E333-8FDC-42A3-9474-1A3956D46DE8}") = "Services", "Services", "{C4972B0D-DBB0-4339-A2D9-5FEE9604D696}"
EndProject
Project("{2150E333-8FDC-42A3-9474-1A3956D46DE8}") = "Catalog", "Catalog", "{EC9BCA6A-C044-4205-8E3D-035B285DF89C}"
EndProject
Project("{9A19103F-16F7-4668-BE54-9A1E7A4F7556}") = "Catalog.API", "Services\Catalog\Catalog.API\Catalog.API.csproj", "{A6D0C934-DB55-4973-B03D-0DBF41AD2E7B}"
EndProject
Project("{2150E333-8FDC-42A3-9474-1A3956D46DE8}") = "BuildingBlocks", "BuildingBlocks", "{FC9BD531-77AD-4969-84B0-DFEFAD8606B3}"
EndProject
Project("{9A19103F-16F7-4668-BE54-9A1E7A4F7556}") = "BuildingBlocks", "BuildingBlocks\BuildingBlocks\BuildingBlocks.csproj", "{B7491DFE-675F-4C5B-B806-CA071AEBC248}"
EndProject
Project("{E53339B2-1760-4266-BCC7-CA923CBCF16C}") = "docker-compose", "docker-compose.dcproj", "{362BA79F-D743-4CB6-8177-642A4CEFFCF3}"
EndProject
Project("{2150E333-8FDC-42A3-9474-1A3956D46DE8}") = "Solution Items", "Solution Items", "{1D4893B5-2923-4792-86C9-A9861928BE76}"
	ProjectSection(SolutionItems) = preProject
		.editorconfig = .editorconfig
	EndProjectSection
EndProject
Project("{2150E333-8FDC-42A3-9474-1A3956D46DE8}") = "Basket", "Basket", "{6C13BFEC-B6F6-4911-A615-F13AB967E078}"
EndProject
Project("{9A19103F-16F7-4668-BE54-9A1E7A4F7556}") = "Basket.API", "Services\Basket\Basket.API\Basket.API.csproj", "{5E374914-0B51-407B-A2BC-C0D72B6C83B4}"
EndProject
Project("{2150E333-8FDC-42A3-9474-1A3956D46DE8}") = "Discount", "Discount", "{32456646-95C6-44C8-89C3-3ECEA29EA327}"
EndProject
Project("{9A19103F-16F7-4668-BE54-9A1E7A4F7556}") = "Discount.Grpc", "Services\Discount\Discount.Grpc\Discount.Grpc.csproj", "{501881D3-BBCC-41C9-B85A-5715DBC8095D}"
EndProject
Project("{2150E333-8FDC-42A3-9474-1A3956D46DE8}") = "Ordering", "Ordering", "{233097C8-D8F8-4D8A-A8E0-CD0C9B835E2F}"
EndProject
Project("{9A19103F-16F7-4668-BE54-9A1E7A4F7556}") = "Ordering.API", "Services\Ordering\Ordering.API\Ordering.API.csproj", "{BC6349CE-2763-4638-ADCD-96E6E709987E}"
EndProject
Project("{9A19103F-16F7-4668-BE54-9A1E7A4F7556}") = "Ordering.Domain", "Services\Ordering\Ordering.Domain\Ordering.Domain.csproj", "{99057231-C6B8-4FAD-8D86-AF0A2E680B73}"
EndProject
Project("{9A19103F-16F7-4668-BE54-9A1E7A4F7556}") = "Ordering.Application", "Services\Ordering\Ordering.Application\Ordering.Application.csproj", "{9A515F95-B00E-4D78-832F-762A0EBA0443}"
EndProject
Project("{9A19103F-16F7-4668-BE54-9A1E7A4F7556}") = "Ordering.Infrastructure", "Services\Ordering\Ordering.Infrastructure\Ordering.Infrastructure.csproj", "{CD8866A7-9C3B-4A5A-A142-522105ED40A9}"
EndProject
Project("{FAE04EC0-301F-11D3-BF4B-00C04F79EFBC}") = "BuildingBlocks.Messaging", "BuildingBlocks\BuildingBlocks.Messaging\BuildingBlocks.Messaging.csproj", "{DC7B59FB-C399-4B2F-B16C-07AD3B578819}"
EndProject
Global
	GlobalSection(SolutionConfigurationPlatforms) = preSolution
		Debug|Any CPU = Debug|Any CPU
		Release|Any CPU = Release|Any CPU
	EndGlobalSection
	GlobalSection(ProjectConfigurationPlatforms) = postSolution
		{A6D0C934-DB55-4973-B03D-0DBF41AD2E7B}.Debug|Any CPU.ActiveCfg = Debug|Any CPU
		{A6D0C934-DB55-4973-B03D-0DBF41AD2E7B}.Debug|Any CPU.Build.0 = Debug|Any CPU
		{A6D0C934-DB55-4973-B03D-0DBF41AD2E7B}.Release|Any CPU.ActiveCfg = Release|Any CPU
		{A6D0C934-DB55-4973-B03D-0DBF41AD2E7B}.Release|Any CPU.Build.0 = Release|Any CPU
		{B7491DFE-675F-4C5B-B806-CA071AEBC248}.Debug|Any CPU.ActiveCfg = Debug|Any CPU
		{B7491DFE-675F-4C5B-B806-CA071AEBC248}.Debug|Any CPU.Build.0 = Debug|Any CPU
		{B7491DFE-675F-4C5B-B806-CA071AEBC248}.Release|Any CPU.ActiveCfg = Release|Any CPU
		{B7491DFE-675F-4C5B-B806-CA071AEBC248}.Release|Any CPU.Build.0 = Release|Any CPU
		{362BA79F-D743-4CB6-8177-642A4CEFFCF3}.Debug|Any CPU.ActiveCfg = Debug|Any CPU
		{362BA79F-D743-4CB6-8177-642A4CEFFCF3}.Debug|Any CPU.Build.0 = Debug|Any CPU
		{362BA79F-D743-4CB6-8177-642A4CEFFCF3}.Release|Any CPU.ActiveCfg = Release|Any CPU
		{362BA79F-D743-4CB6-8177-642A4CEFFCF3}.Release|Any CPU.Build.0 = Release|Any CPU
		{5E374914-0B51-407B-A2BC-C0D72B6C83B4}.Debug|Any CPU.ActiveCfg = Debug|Any CPU
		{5E374914-0B51-407B-A2BC-C0D72B6C83B4}.Debug|Any CPU.Build.0 = Debug|Any CPU
		{5E374914-0B51-407B-A2BC-C0D72B6C83B4}.Release|Any CPU.ActiveCfg = Release|Any CPU
		{5E374914-0B51-407B-A2BC-C0D72B6C83B4}.Release|Any CPU.Build.0 = Release|Any CPU
		{501881D3-BBCC-41C9-B85A-5715DBC8095D}.Debug|Any CPU.ActiveCfg = Debug|Any CPU
		{501881D3-BBCC-41C9-B85A-5715DBC8095D}.Debug|Any CPU.Build.0 = Debug|Any CPU
		{501881D3-BBCC-41C9-B85A-5715DBC8095D}.Release|Any CPU.ActiveCfg = Release|Any CPU
		{501881D3-BBCC-41C9-B85A-5715DBC8095D}.Release|Any CPU.Build.0 = Release|Any CPU
		{BC6349CE-2763-4638-ADCD-96E6E709987E}.Debug|Any CPU.ActiveCfg = Debug|Any CPU
		{BC6349CE-2763-4638-ADCD-96E6E709987E}.Debug|Any CPU.Build.0 = Debug|Any CPU
		{BC6349CE-2763-4638-ADCD-96E6E709987E}.Release|Any CPU.ActiveCfg = Release|Any CPU
		{BC6349CE-2763-4638-ADCD-96E6E709987E}.Release|Any CPU.Build.0 = Release|Any CPU
		{99057231-C6B8-4FAD-8D86-AF0A2E680B73}.Debug|Any CPU.ActiveCfg = Debug|Any CPU
		{99057231-C6B8-4FAD-8D86-AF0A2E680B73}.Debug|Any CPU.Build.0 = Debug|Any CPU
		{99057231-C6B8-4FAD-8D86-AF0A2E680B73}.Release|Any CPU.ActiveCfg = Release|Any CPU
		{99057231-C6B8-4FAD-8D86-AF0A2E680B73}.Release|Any CPU.Build.0 = Release|Any CPU
		{9A515F95-B00E-4D78-832F-762A0EBA0443}.Debug|Any CPU.ActiveCfg = Debug|Any CPU
		{9A515F95-B00E-4D78-832F-762A0EBA0443}.Debug|Any CPU.Build.0 = Debug|Any CPU
		{9A515F95-B00E-4D78-832F-762A0EBA0443}.Release|Any CPU.ActiveCfg = Release|Any CPU
		{9A515F95-B00E-4D78-832F-762A0EBA0443}.Release|Any CPU.Build.0 = Release|Any CPU
		{CD8866A7-9C3B-4A5A-A142-522105ED40A9}.Debug|Any CPU.ActiveCfg = Debug|Any CPU
		{CD8866A7-9C3B-4A5A-A142-522105ED40A9}.Debug|Any CPU.Build.0 = Debug|Any CPU
		{CD8866A7-9C3B-4A5A-A142-522105ED40A9}.Release|Any CPU.ActiveCfg = Release|Any CPU
		{CD8866A7-9C3B-4A5A-A142-522105ED40A9}.Release|Any CPU.Build.0 = Release|Any CPU
		{DC7B59FB-C399-4B2F-B16C-07AD3B578819}.Debug|Any CPU.ActiveCfg = Debug|Any CPU
		{DC7B59FB-C399-4B2F-B16C-07AD3B578819}.Debug|Any CPU.Build.0 = Debug|Any CPU
		{DC7B59FB-C399-4B2F-B16C-07AD3B578819}.Release|Any CPU.ActiveCfg = Release|Any CPU
		{DC7B59FB-C399-4B2F-B16C-07AD3B578819}.Release|Any CPU.Build.0 = Release|Any CPU
	EndGlobalSection
	GlobalSection(SolutionProperties) = preSolution
		HideSolutionNode = FALSE
	EndGlobalSection
	GlobalSection(NestedProjects) = preSolution
		{EC9BCA6A-C044-4205-8E3D-035B285DF89C} = {C4972B0D-DBB0-4339-A2D9-5FEE9604D696}
		{A6D0C934-DB55-4973-B03D-0DBF41AD2E7B} = {EC9BCA6A-C044-4205-8E3D-035B285DF89C}
		{B7491DFE-675F-4C5B-B806-CA071AEBC248} = {FC9BD531-77AD-4969-84B0-DFEFAD8606B3}
		{6C13BFEC-B6F6-4911-A615-F13AB967E078} = {C4972B0D-DBB0-4339-A2D9-5FEE9604D696}
		{5E374914-0B51-407B-A2BC-C0D72B6C83B4} = {6C13BFEC-B6F6-4911-A615-F13AB967E078}
		{32456646-95C6-44C8-89C3-3ECEA29EA327} = {C4972B0D-DBB0-4339-A2D9-5FEE9604D696}
		{501881D3-BBCC-41C9-B85A-5715DBC8095D} = {32456646-95C6-44C8-89C3-3ECEA29EA327}
		{233097C8-D8F8-4D8A-A8E0-CD0C9B835E2F} = {C4972B0D-DBB0-4339-A2D9-5FEE9604D696}
		{BC6349CE-2763-4638-ADCD-96E6E709987E} = {233097C8-D8F8-4D8A-A8E0-CD0C9B835E2F}
		{99057231-C6B8-4FAD-8D86-AF0A2E680B73} = {233097C8-D8F8-4D8A-A8E0-CD0C9B835E2F}
		{9A515F95-B00E-4D78-832F-762A0EBA0443} = {233097C8-D8F8-4D8A-A8E0-CD0C9B835E2F}
		{CD8866A7-9C3B-4A5A-A142-522105ED40A9} = {233097C8-D8F8-4D8A-A8E0-CD0C9B835E2F}
		{DC7B59FB-C399-4B2F-B16C-07AD3B578819} = {FC9BD531-77AD-4969-84B0-DFEFAD8606B3}
	EndGlobalSection
	GlobalSection(ExtensibilityGlobals) = postSolution
		SolutionGuid = {E3891A25-1DED-4FAA-92E0-1F256C0CCF56}
	EndGlobalSection
EndGlobal
